// !$*UTF8*$!
{
	archiveVersion = 1;
	classes = {
	};
	objectVersion = 50;
	objects = {

/* Begin PBXBuildFile section */
		051954EE336E98A9A97E0704 /* Pods_ozweatherTests.framework in Frameworks */ = {isa = PBXBuildFile; fileRef = CD54FA5605111C79B0C74416 /* Pods_ozweatherTests.framework */; };
		9641DCAFD7035F58FB444ADD /* Pods_ozweather.framework in Frameworks */ = {isa = PBXBuildFile; fileRef = F66F98F271B09A6B825B28D6 /* Pods_ozweather.framework */; };
		966002AA2565DA11000877CE /* WeatherDetailsVC.swift in Sources */ = {isa = PBXBuildFile; fileRef = 966002A92565DA11000877CE /* WeatherDetailsVC.swift */; };
		96606D4B2568B93C006B6CF5 /* WeatherLocationCell.xib in Resources */ = {isa = PBXBuildFile; fileRef = 96606D4A2568B93C006B6CF5 /* WeatherLocationCell.xib */; };
		96606D4F2568B947006B6CF5 /* WeatherLocationCell.swift in Sources */ = {isa = PBXBuildFile; fileRef = 96606D4E2568B947006B6CF5 /* WeatherLocationCell.swift */; };
		96606D622568BF2E006B6CF5 /* WeatherLocationCellVM.swift in Sources */ = {isa = PBXBuildFile; fileRef = 96606D612568BF2E006B6CF5 /* WeatherLocationCellVM.swift */; };
		96606D692568C0EB006B6CF5 /* TableViewCellVMProtocol.swift in Sources */ = {isa = PBXBuildFile; fileRef = 96606D682568C0EB006B6CF5 /* TableViewCellVMProtocol.swift */; };
		96606D712568C487006B6CF5 /* UseGPSLocationCell.xib in Resources */ = {isa = PBXBuildFile; fileRef = 96606D702568C487006B6CF5 /* UseGPSLocationCell.xib */; };
		96606D752568C4AC006B6CF5 /* UseGPSLocationCell.swift in Sources */ = {isa = PBXBuildFile; fileRef = 96606D742568C4AC006B6CF5 /* UseGPSLocationCell.swift */; };
		96606D792568C4BD006B6CF5 /* UseGPSLocationCellVM.swift in Sources */ = {isa = PBXBuildFile; fileRef = 96606D782568C4BD006B6CF5 /* UseGPSLocationCellVM.swift */; };
		96606D812568CB58006B6CF5 /* WeatherSearchCacheMock.swift in Sources */ = {isa = PBXBuildFile; fileRef = 96606D802568CB58006B6CF5 /* WeatherSearchCacheMock.swift */; };
		96606D862568CBE3006B6CF5 /* WeatherSearchCacheMockUtil.swift in Sources */ = {isa = PBXBuildFile; fileRef = 96606D852568CBE3006B6CF5 /* WeatherSearchCacheMockUtil.swift */; };
		96606D902568F81B006B6CF5 /* WeatherServiceCacheMockTests.swift in Sources */ = {isa = PBXBuildFile; fileRef = 96606D8F2568F81A006B6CF5 /* WeatherServiceCacheMockTests.swift */; };
		96606D942568F832006B6CF5 /* WeatherSearchCacheItemTests.swift in Sources */ = {isa = PBXBuildFile; fileRef = 96606D932568F832006B6CF5 /* WeatherSearchCacheItemTests.swift */; };
		96606D9B2569202E006B6CF5 /* UIViewController+TapToDismissKeyboard.swift in Sources */ = {isa = PBXBuildFile; fileRef = 96606D9A2569202E006B6CF5 /* UIViewController+TapToDismissKeyboard.swift */; };
		96606D9F25692325006B6CF5 /* TableViewCellProtocol.swift in Sources */ = {isa = PBXBuildFile; fileRef = 96606D9E25692325006B6CF5 /* TableViewCellProtocol.swift */; };
		96606DA525693ADE006B6CF5 /* WeatherSearchRequestUtil.swift in Sources */ = {isa = PBXBuildFile; fileRef = 96606DA425693ADE006B6CF5 /* WeatherSearchRequestUtil.swift */; };
		9664EAD92569D89600A2C3DB /* UIViewController+Nav.swift in Sources */ = {isa = PBXBuildFile; fileRef = 9664EAD82569D89600A2C3DB /* UIViewController+Nav.swift */; };
		9664EAE7256A185800A2C3DB /* UIViewController+AlertError.swift in Sources */ = {isa = PBXBuildFile; fileRef = 9664EAE6256A185800A2C3DB /* UIViewController+AlertError.swift */; };
		9664EAEC256A1EF800A2C3DB /* WeatherSearchRequestUtilTests.swift in Sources */ = {isa = PBXBuildFile; fileRef = 9664EAEB256A1EF800A2C3DB /* WeatherSearchRequestUtilTests.swift */; };
		9664EAF2256A3FDC00A2C3DB /* WeatherSearchCacheUtil.swift in Sources */ = {isa = PBXBuildFile; fileRef = 9664EAF1256A3FDC00A2C3DB /* WeatherSearchCacheUtil.swift */; };
		9664EB01256A7A6000A2C3DB /* NotificationConstants.swift in Sources */ = {isa = PBXBuildFile; fileRef = 9664EB00256A7A6000A2C3DB /* NotificationConstants.swift */; };
		9664EB07256A7B3000A2C3DB /* NotificationUtil.swift in Sources */ = {isa = PBXBuildFile; fileRef = 9664EB06256A7B3000A2C3DB /* NotificationUtil.swift */; };
		9664EB0B256A7D3F00A2C3DB /* WLocationServiceProtocol.swift in Sources */ = {isa = PBXBuildFile; fileRef = 9664EB0A256A7D3F00A2C3DB /* WLocationServiceProtocol.swift */; };
		9664EB0F256A7D5000A2C3DB /* WLocationServiceMock.swift in Sources */ = {isa = PBXBuildFile; fileRef = 9664EB0E256A7D5000A2C3DB /* WLocationServiceMock.swift */; };
		9664EB25256A848700A2C3DB /* CLLocation+Stringify.swift in Sources */ = {isa = PBXBuildFile; fileRef = 9664EB24256A848700A2C3DB /* CLLocation+Stringify.swift */; };
		967E51DA2565BEE800A28480 /* AppDelegate.swift in Sources */ = {isa = PBXBuildFile; fileRef = 967E51D92565BEE800A28480 /* AppDelegate.swift */; };
		967E51DC2565BEE800A28480 /* SceneDelegate.swift in Sources */ = {isa = PBXBuildFile; fileRef = 967E51DB2565BEE800A28480 /* SceneDelegate.swift */; };
		967E51DE2565BEE800A28480 /* WeatherSearchVC.swift in Sources */ = {isa = PBXBuildFile; fileRef = 967E51DD2565BEE800A28480 /* WeatherSearchVC.swift */; };
		967E51E12565BEE800A28480 /* Main.storyboard in Resources */ = {isa = PBXBuildFile; fileRef = 967E51DF2565BEE800A28480 /* Main.storyboard */; };
		967E51E32565BEE900A28480 /* Assets.xcassets in Resources */ = {isa = PBXBuildFile; fileRef = 967E51E22565BEE900A28480 /* Assets.xcassets */; };
		967E51E62565BEE900A28480 /* LaunchScreen.storyboard in Resources */ = {isa = PBXBuildFile; fileRef = 967E51E42565BEE900A28480 /* LaunchScreen.storyboard */; };
		967E52232565C3A600A28480 /* OpenWeatherAPI.swift in Sources */ = {isa = PBXBuildFile; fileRef = 967E52222565C3A600A28480 /* OpenWeatherAPI.swift */; };
		967E522B2565C75300A28480 /* WeatherServiceProtocol.swift in Sources */ = {isa = PBXBuildFile; fileRef = 967E522A2565C75300A28480 /* WeatherServiceProtocol.swift */; };
		967E52332565C86300A28480 /* WeatherForecast.swift in Sources */ = {isa = PBXBuildFile; fileRef = 967E52322565C86300A28480 /* WeatherForecast.swift */; };
		967E52442565CEEB00A28480 /* OpenWeatherAPIIntegrationTests.swift in Sources */ = {isa = PBXBuildFile; fileRef = 967E52432565CEEB00A28480 /* OpenWeatherAPIIntegrationTests.swift */; };
		967E524F2565D0D400A28480 /* OpenWeatherAPIMock.swift in Sources */ = {isa = PBXBuildFile; fileRef = 967E524E2565D0D400A28480 /* OpenWeatherAPIMock.swift */; };
		967E525A2565D27F00A28480 /* OpenWeatherMockUtil.swift in Sources */ = {isa = PBXBuildFile; fileRef = 967E52592565D27F00A28480 /* OpenWeatherMockUtil.swift */; };
		9692E5F425663D6B002C2D65 /* XCTestConfig.swift in Sources */ = {isa = PBXBuildFile; fileRef = 9692E5F325663D6B002C2D65 /* XCTestConfig.swift */; };
		9692E5FD25664117002C2D65 /* WeatherServiceError.swift in Sources */ = {isa = PBXBuildFile; fileRef = 9692E5FC25664117002C2D65 /* WeatherServiceError.swift */; };
		9692E60D256644AF002C2D65 /* GumtreeTheme.swift in Sources */ = {isa = PBXBuildFile; fileRef = 9692E60C256644AF002C2D65 /* GumtreeTheme.swift */; };
		9692E61525664779002C2D65 /* WeatherSearchRequest.swift in Sources */ = {isa = PBXBuildFile; fileRef = 9692E61425664779002C2D65 /* WeatherSearchRequest.swift */; };
		9692E65D25664A62002C2D65 /* UIColor+HexToColor.swift in Sources */ = {isa = PBXBuildFile; fileRef = 9692E65C25664A62002C2D65 /* UIColor+HexToColor.swift */; };
		9692E66325669FF6002C2D65 /* UIColorHexToColorTests.swift in Sources */ = {isa = PBXBuildFile; fileRef = 9692E66225669FF6002C2D65 /* UIColorHexToColorTests.swift */; };
		9692E6792566ABB8002C2D65 /* OpenWeatherMockTests.swift in Sources */ = {isa = PBXBuildFile; fileRef = 9692E6782566ABB8002C2D65 /* OpenWeatherMockTests.swift */; };
		96E64A532567342F006BBEE8 /* Data+PrintAsDictDescription.swift in Sources */ = {isa = PBXBuildFile; fileRef = 96E64A522567342F006BBEE8 /* Data+PrintAsDictDescription.swift */; };
		96E64A6225675212006BBEE8 /* AppData.swift in Sources */ = {isa = PBXBuildFile; fileRef = 96E64A6125675212006BBEE8 /* AppData.swift */; };
		96E64A67256752E9006BBEE8 /* WeatherSearchVM.swift in Sources */ = {isa = PBXBuildFile; fileRef = 96E64A66256752E9006BBEE8 /* WeatherSearchVM.swift */; };
		96E64A6E256754D1006BBEE8 /* Constants.swift in Sources */ = {isa = PBXBuildFile; fileRef = 96E64A6D256754D1006BBEE8 /* Constants.swift */; };
		96E64A7525675526006BBEE8 /* WeatherDetailsVM.swift in Sources */ = {isa = PBXBuildFile; fileRef = 96E64A7425675526006BBEE8 /* WeatherDetailsVM.swift */; };
		96E64A8125675678006BBEE8 /* WeatherSearchCache.swift in Sources */ = {isa = PBXBuildFile; fileRef = 96E64A8025675678006BBEE8 /* WeatherSearchCache.swift */; };
		96E64A88256756B5006BBEE8 /* WeatherSearchCacheManagerProtocol.swift in Sources */ = {isa = PBXBuildFile; fileRef = 96E64A87256756B5006BBEE8 /* WeatherSearchCacheManagerProtocol.swift */; };
		96E64AA825679E23006BBEE8 /* WeatherSearchCacheItem.swift in Sources */ = {isa = PBXBuildFile; fileRef = 96E64AA725679E23006BBEE8 /* WeatherSearchCacheItem.swift */; };
		96E64AB02567A027006BBEE8 /* WeatherSearchCacheTests.swift in Sources */ = {isa = PBXBuildFile; fileRef = 96E64AAF2567A027006BBEE8 /* WeatherSearchCacheTests.swift */; };
		96E64AB62567A79B006BBEE8 /* UserDefaults+SaveCustomObject.swift in Sources */ = {isa = PBXBuildFile; fileRef = 96E64AB52567A79B006BBEE8 /* UserDefaults+SaveCustomObject.swift */; };
		96E64ABB2567D053006BBEE8 /* LoggerProtocol.swift in Sources */ = {isa = PBXBuildFile; fileRef = 96E64ABA2567D053006BBEE8 /* LoggerProtocol.swift */; };
		96E64AC52567D0BD006BBEE8 /* BasicLogger.swift in Sources */ = {isa = PBXBuildFile; fileRef = 96E64AC42567D0BD006BBEE8 /* BasicLogger.swift */; };
		96E64ACD2567DBAA006BBEE8 /* WLocationService.swift in Sources */ = {isa = PBXBuildFile; fileRef = 96E64ACC2567DBAA006BBEE8 /* WLocationService.swift */; };
/* End PBXBuildFile section */

/* Begin PBXContainerItemProxy section */
		967E51ED2565BEE900A28480 /* PBXContainerItemProxy */ = {
			isa = PBXContainerItemProxy;
			containerPortal = 967E51CE2565BEE800A28480 /* Project object */;
			proxyType = 1;
			remoteGlobalIDString = 967E51D52565BEE800A28480;
			remoteInfo = ozweather;
		};
/* End PBXContainerItemProxy section */

/* Begin PBXFileReference section */
		0513D789ED93F73B555566E7 /* Pods-ozweatherTests.release.xcconfig */ = {isa = PBXFileReference; includeInIndex = 1; lastKnownFileType = text.xcconfig; name = "Pods-ozweatherTests.release.xcconfig"; path = "Target Support Files/Pods-ozweatherTests/Pods-ozweatherTests.release.xcconfig"; sourceTree = "<group>"; };
		2DE8B56CC9B2EF6733E2122D /* Pods-ozweather.release.xcconfig */ = {isa = PBXFileReference; includeInIndex = 1; lastKnownFileType = text.xcconfig; name = "Pods-ozweather.release.xcconfig"; path = "Target Support Files/Pods-ozweather/Pods-ozweather.release.xcconfig"; sourceTree = "<group>"; };
		62B8B8DB4B341C6E93376587 /* Pods-ozweather.debug.xcconfig */ = {isa = PBXFileReference; includeInIndex = 1; lastKnownFileType = text.xcconfig; name = "Pods-ozweather.debug.xcconfig"; path = "Target Support Files/Pods-ozweather/Pods-ozweather.debug.xcconfig"; sourceTree = "<group>"; };
		7FF84BCC47B1367A33941B22 /* Pods-ozweatherUITests.release.xcconfig */ = {isa = PBXFileReference; includeInIndex = 1; lastKnownFileType = text.xcconfig; name = "Pods-ozweatherUITests.release.xcconfig"; path = "Target Support Files/Pods-ozweatherUITests/Pods-ozweatherUITests.release.xcconfig"; sourceTree = "<group>"; };
		966002A92565DA11000877CE /* WeatherDetailsVC.swift */ = {isa = PBXFileReference; lastKnownFileType = sourcecode.swift; path = WeatherDetailsVC.swift; sourceTree = "<group>"; };
		96606D4A2568B93C006B6CF5 /* WeatherLocationCell.xib */ = {isa = PBXFileReference; lastKnownFileType = file.xib; path = WeatherLocationCell.xib; sourceTree = "<group>"; };
		96606D4E2568B947006B6CF5 /* WeatherLocationCell.swift */ = {isa = PBXFileReference; lastKnownFileType = sourcecode.swift; path = WeatherLocationCell.swift; sourceTree = "<group>"; };
		96606D612568BF2E006B6CF5 /* WeatherLocationCellVM.swift */ = {isa = PBXFileReference; lastKnownFileType = sourcecode.swift; path = WeatherLocationCellVM.swift; sourceTree = "<group>"; };
		96606D682568C0EB006B6CF5 /* TableViewCellVMProtocol.swift */ = {isa = PBXFileReference; lastKnownFileType = sourcecode.swift; path = TableViewCellVMProtocol.swift; sourceTree = "<group>"; };
		96606D702568C487006B6CF5 /* UseGPSLocationCell.xib */ = {isa = PBXFileReference; lastKnownFileType = file.xib; path = UseGPSLocationCell.xib; sourceTree = "<group>"; };
		96606D742568C4AC006B6CF5 /* UseGPSLocationCell.swift */ = {isa = PBXFileReference; lastKnownFileType = sourcecode.swift; path = UseGPSLocationCell.swift; sourceTree = "<group>"; };
		96606D782568C4BD006B6CF5 /* UseGPSLocationCellVM.swift */ = {isa = PBXFileReference; lastKnownFileType = sourcecode.swift; path = UseGPSLocationCellVM.swift; sourceTree = "<group>"; };
		96606D802568CB58006B6CF5 /* WeatherSearchCacheMock.swift */ = {isa = PBXFileReference; lastKnownFileType = sourcecode.swift; path = WeatherSearchCacheMock.swift; sourceTree = "<group>"; };
		96606D852568CBE3006B6CF5 /* WeatherSearchCacheMockUtil.swift */ = {isa = PBXFileReference; lastKnownFileType = sourcecode.swift; path = WeatherSearchCacheMockUtil.swift; sourceTree = "<group>"; };
		96606D8F2568F81A006B6CF5 /* WeatherServiceCacheMockTests.swift */ = {isa = PBXFileReference; lastKnownFileType = sourcecode.swift; path = WeatherServiceCacheMockTests.swift; sourceTree = "<group>"; };
		96606D932568F832006B6CF5 /* WeatherSearchCacheItemTests.swift */ = {isa = PBXFileReference; lastKnownFileType = sourcecode.swift; path = WeatherSearchCacheItemTests.swift; sourceTree = "<group>"; };
		96606D9A2569202E006B6CF5 /* UIViewController+TapToDismissKeyboard.swift */ = {isa = PBXFileReference; lastKnownFileType = sourcecode.swift; path = "UIViewController+TapToDismissKeyboard.swift"; sourceTree = "<group>"; };
		96606D9E25692325006B6CF5 /* TableViewCellProtocol.swift */ = {isa = PBXFileReference; lastKnownFileType = sourcecode.swift; path = TableViewCellProtocol.swift; sourceTree = "<group>"; };
		96606DA425693ADE006B6CF5 /* WeatherSearchRequestUtil.swift */ = {isa = PBXFileReference; lastKnownFileType = sourcecode.swift; path = WeatherSearchRequestUtil.swift; sourceTree = "<group>"; };
		9664EAD82569D89600A2C3DB /* UIViewController+Nav.swift */ = {isa = PBXFileReference; lastKnownFileType = sourcecode.swift; path = "UIViewController+Nav.swift"; sourceTree = "<group>"; };
		9664EAE6256A185800A2C3DB /* UIViewController+AlertError.swift */ = {isa = PBXFileReference; lastKnownFileType = sourcecode.swift; path = "UIViewController+AlertError.swift"; sourceTree = "<group>"; };
		9664EAEB256A1EF800A2C3DB /* WeatherSearchRequestUtilTests.swift */ = {isa = PBXFileReference; lastKnownFileType = sourcecode.swift; path = WeatherSearchRequestUtilTests.swift; sourceTree = "<group>"; };
		9664EAF1256A3FDC00A2C3DB /* WeatherSearchCacheUtil.swift */ = {isa = PBXFileReference; lastKnownFileType = sourcecode.swift; path = WeatherSearchCacheUtil.swift; sourceTree = "<group>"; };
		9664EB00256A7A6000A2C3DB /* NotificationConstants.swift */ = {isa = PBXFileReference; lastKnownFileType = sourcecode.swift; path = NotificationConstants.swift; sourceTree = "<group>"; };
		9664EB06256A7B3000A2C3DB /* NotificationUtil.swift */ = {isa = PBXFileReference; lastKnownFileType = sourcecode.swift; path = NotificationUtil.swift; sourceTree = "<group>"; };
		9664EB0A256A7D3F00A2C3DB /* WLocationServiceProtocol.swift */ = {isa = PBXFileReference; lastKnownFileType = sourcecode.swift; path = WLocationServiceProtocol.swift; sourceTree = "<group>"; };
		9664EB0E256A7D5000A2C3DB /* WLocationServiceMock.swift */ = {isa = PBXFileReference; lastKnownFileType = sourcecode.swift; path = WLocationServiceMock.swift; sourceTree = "<group>"; };
		9664EB24256A848700A2C3DB /* CLLocation+Stringify.swift */ = {isa = PBXFileReference; lastKnownFileType = sourcecode.swift; path = "CLLocation+Stringify.swift"; sourceTree = "<group>"; };
		967E51D62565BEE800A28480 /* ozweather.app */ = {isa = PBXFileReference; explicitFileType = wrapper.application; includeInIndex = 0; path = ozweather.app; sourceTree = BUILT_PRODUCTS_DIR; };
		967E51D92565BEE800A28480 /* AppDelegate.swift */ = {isa = PBXFileReference; lastKnownFileType = sourcecode.swift; path = AppDelegate.swift; sourceTree = "<group>"; };
		967E51DB2565BEE800A28480 /* SceneDelegate.swift */ = {isa = PBXFileReference; lastKnownFileType = sourcecode.swift; path = SceneDelegate.swift; sourceTree = "<group>"; };
		967E51DD2565BEE800A28480 /* WeatherSearchVC.swift */ = {isa = PBXFileReference; lastKnownFileType = sourcecode.swift; path = WeatherSearchVC.swift; sourceTree = "<group>"; };
		967E51E02565BEE800A28480 /* Base */ = {isa = PBXFileReference; lastKnownFileType = file.storyboard; name = Base; path = Base.lproj/Main.storyboard; sourceTree = "<group>"; };
		967E51E22565BEE900A28480 /* Assets.xcassets */ = {isa = PBXFileReference; lastKnownFileType = folder.assetcatalog; path = Assets.xcassets; sourceTree = "<group>"; };
		967E51E52565BEE900A28480 /* Base */ = {isa = PBXFileReference; lastKnownFileType = file.storyboard; name = Base; path = Base.lproj/LaunchScreen.storyboard; sourceTree = "<group>"; };
		967E51E72565BEE900A28480 /* Info.plist */ = {isa = PBXFileReference; lastKnownFileType = text.plist.xml; path = Info.plist; sourceTree = "<group>"; };
		967E51EC2565BEE900A28480 /* ozweatherTests.xctest */ = {isa = PBXFileReference; explicitFileType = wrapper.cfbundle; includeInIndex = 0; path = ozweatherTests.xctest; sourceTree = BUILT_PRODUCTS_DIR; };
		967E51F22565BEE900A28480 /* Info.plist */ = {isa = PBXFileReference; lastKnownFileType = text.plist.xml; path = Info.plist; sourceTree = "<group>"; };
		967E52222565C3A600A28480 /* OpenWeatherAPI.swift */ = {isa = PBXFileReference; lastKnownFileType = sourcecode.swift; path = OpenWeatherAPI.swift; sourceTree = "<group>"; };
		967E522A2565C75300A28480 /* WeatherServiceProtocol.swift */ = {isa = PBXFileReference; lastKnownFileType = sourcecode.swift; path = WeatherServiceProtocol.swift; sourceTree = "<group>"; };
		967E52322565C86300A28480 /* WeatherForecast.swift */ = {isa = PBXFileReference; lastKnownFileType = sourcecode.swift; path = WeatherForecast.swift; sourceTree = "<group>"; };
		967E52432565CEEB00A28480 /* OpenWeatherAPIIntegrationTests.swift */ = {isa = PBXFileReference; lastKnownFileType = sourcecode.swift; path = OpenWeatherAPIIntegrationTests.swift; sourceTree = "<group>"; };
		967E524E2565D0D400A28480 /* OpenWeatherAPIMock.swift */ = {isa = PBXFileReference; lastKnownFileType = sourcecode.swift; path = OpenWeatherAPIMock.swift; sourceTree = "<group>"; };
		967E52592565D27F00A28480 /* OpenWeatherMockUtil.swift */ = {isa = PBXFileReference; lastKnownFileType = sourcecode.swift; path = OpenWeatherMockUtil.swift; sourceTree = "<group>"; };
		9692E5F325663D6B002C2D65 /* XCTestConfig.swift */ = {isa = PBXFileReference; lastKnownFileType = sourcecode.swift; path = XCTestConfig.swift; sourceTree = "<group>"; };
		9692E5FC25664117002C2D65 /* WeatherServiceError.swift */ = {isa = PBXFileReference; lastKnownFileType = sourcecode.swift; path = WeatherServiceError.swift; sourceTree = "<group>"; };
		9692E60C256644AF002C2D65 /* GumtreeTheme.swift */ = {isa = PBXFileReference; lastKnownFileType = sourcecode.swift; path = GumtreeTheme.swift; sourceTree = "<group>"; };
		9692E61425664779002C2D65 /* WeatherSearchRequest.swift */ = {isa = PBXFileReference; lastKnownFileType = sourcecode.swift; path = WeatherSearchRequest.swift; sourceTree = "<group>"; };
		9692E65C25664A62002C2D65 /* UIColor+HexToColor.swift */ = {isa = PBXFileReference; lastKnownFileType = sourcecode.swift; path = "UIColor+HexToColor.swift"; sourceTree = "<group>"; };
		9692E66225669FF6002C2D65 /* UIColorHexToColorTests.swift */ = {isa = PBXFileReference; lastKnownFileType = sourcecode.swift; path = UIColorHexToColorTests.swift; sourceTree = "<group>"; };
		9692E6782566ABB8002C2D65 /* OpenWeatherMockTests.swift */ = {isa = PBXFileReference; lastKnownFileType = sourcecode.swift; path = OpenWeatherMockTests.swift; sourceTree = "<group>"; };
		96E64A522567342F006BBEE8 /* Data+PrintAsDictDescription.swift */ = {isa = PBXFileReference; lastKnownFileType = sourcecode.swift; path = "Data+PrintAsDictDescription.swift"; sourceTree = "<group>"; };
		96E64A6125675212006BBEE8 /* AppData.swift */ = {isa = PBXFileReference; lastKnownFileType = sourcecode.swift; path = AppData.swift; sourceTree = "<group>"; };
		96E64A66256752E9006BBEE8 /* WeatherSearchVM.swift */ = {isa = PBXFileReference; lastKnownFileType = sourcecode.swift; path = WeatherSearchVM.swift; sourceTree = "<group>"; };
		96E64A6D256754D1006BBEE8 /* Constants.swift */ = {isa = PBXFileReference; lastKnownFileType = sourcecode.swift; path = Constants.swift; sourceTree = "<group>"; };
		96E64A7425675526006BBEE8 /* WeatherDetailsVM.swift */ = {isa = PBXFileReference; lastKnownFileType = sourcecode.swift; path = WeatherDetailsVM.swift; sourceTree = "<group>"; };
		96E64A8025675678006BBEE8 /* WeatherSearchCache.swift */ = {isa = PBXFileReference; lastKnownFileType = sourcecode.swift; path = WeatherSearchCache.swift; sourceTree = "<group>"; };
		96E64A87256756B5006BBEE8 /* WeatherSearchCacheManagerProtocol.swift */ = {isa = PBXFileReference; lastKnownFileType = sourcecode.swift; path = WeatherSearchCacheManagerProtocol.swift; sourceTree = "<group>"; };
		96E64AA725679E23006BBEE8 /* WeatherSearchCacheItem.swift */ = {isa = PBXFileReference; fileEncoding = 4; lastKnownFileType = sourcecode.swift; path = WeatherSearchCacheItem.swift; sourceTree = "<group>"; };
		96E64AAF2567A027006BBEE8 /* WeatherSearchCacheTests.swift */ = {isa = PBXFileReference; lastKnownFileType = sourcecode.swift; path = WeatherSearchCacheTests.swift; sourceTree = "<group>"; };
		96E64AB52567A79B006BBEE8 /* UserDefaults+SaveCustomObject.swift */ = {isa = PBXFileReference; lastKnownFileType = sourcecode.swift; path = "UserDefaults+SaveCustomObject.swift"; sourceTree = "<group>"; };
		96E64ABA2567D053006BBEE8 /* LoggerProtocol.swift */ = {isa = PBXFileReference; lastKnownFileType = sourcecode.swift; path = LoggerProtocol.swift; sourceTree = "<group>"; };
		96E64AC42567D0BD006BBEE8 /* BasicLogger.swift */ = {isa = PBXFileReference; lastKnownFileType = sourcecode.swift; path = BasicLogger.swift; sourceTree = "<group>"; };
		96E64ACC2567DBAA006BBEE8 /* WLocationService.swift */ = {isa = PBXFileReference; lastKnownFileType = sourcecode.swift; path = WLocationService.swift; sourceTree = "<group>"; };
		B3BBA3A70E24E5D90FFC8A66 /* Pods_ozweatherUITests.framework */ = {isa = PBXFileReference; explicitFileType = wrapper.framework; includeInIndex = 0; path = Pods_ozweatherUITests.framework; sourceTree = BUILT_PRODUCTS_DIR; };
		CD54FA5605111C79B0C74416 /* Pods_ozweatherTests.framework */ = {isa = PBXFileReference; explicitFileType = wrapper.framework; includeInIndex = 0; path = Pods_ozweatherTests.framework; sourceTree = BUILT_PRODUCTS_DIR; };
		E71B9386D6ADC9EE39E564E7 /* Pods-ozweatherUITests.debug.xcconfig */ = {isa = PBXFileReference; includeInIndex = 1; lastKnownFileType = text.xcconfig; name = "Pods-ozweatherUITests.debug.xcconfig"; path = "Target Support Files/Pods-ozweatherUITests/Pods-ozweatherUITests.debug.xcconfig"; sourceTree = "<group>"; };
		F42C272B2F9A0A67ACF23D57 /* Pods-ozweatherTests.debug.xcconfig */ = {isa = PBXFileReference; includeInIndex = 1; lastKnownFileType = text.xcconfig; name = "Pods-ozweatherTests.debug.xcconfig"; path = "Target Support Files/Pods-ozweatherTests/Pods-ozweatherTests.debug.xcconfig"; sourceTree = "<group>"; };
		F66F98F271B09A6B825B28D6 /* Pods_ozweather.framework */ = {isa = PBXFileReference; explicitFileType = wrapper.framework; includeInIndex = 0; path = Pods_ozweather.framework; sourceTree = BUILT_PRODUCTS_DIR; };
/* End PBXFileReference section */

/* Begin PBXFrameworksBuildPhase section */
		967E51D32565BEE800A28480 /* Frameworks */ = {
			isa = PBXFrameworksBuildPhase;
			buildActionMask = 2147483647;
			files = (
				9641DCAFD7035F58FB444ADD /* Pods_ozweather.framework in Frameworks */,
			);
			runOnlyForDeploymentPostprocessing = 0;
		};
		967E51E92565BEE900A28480 /* Frameworks */ = {
			isa = PBXFrameworksBuildPhase;
			buildActionMask = 2147483647;
			files = (
				051954EE336E98A9A97E0704 /* Pods_ozweatherTests.framework in Frameworks */,
			);
			runOnlyForDeploymentPostprocessing = 0;
		};
/* End PBXFrameworksBuildPhase section */

/* Begin PBXGroup section */
		2B495F8495B0980E35C7D516 /* Pods */ = {
			isa = PBXGroup;
			children = (
				62B8B8DB4B341C6E93376587 /* Pods-ozweather.debug.xcconfig */,
				2DE8B56CC9B2EF6733E2122D /* Pods-ozweather.release.xcconfig */,
				F42C272B2F9A0A67ACF23D57 /* Pods-ozweatherTests.debug.xcconfig */,
				0513D789ED93F73B555566E7 /* Pods-ozweatherTests.release.xcconfig */,
				E71B9386D6ADC9EE39E564E7 /* Pods-ozweatherUITests.debug.xcconfig */,
				7FF84BCC47B1367A33941B22 /* Pods-ozweatherUITests.release.xcconfig */,
			);
			path = Pods;
			sourceTree = "<group>";
		};
		6CFE2E143F08811DB93EC4B1 /* Frameworks */ = {
			isa = PBXGroup;
			children = (
				F66F98F271B09A6B825B28D6 /* Pods_ozweather.framework */,
				CD54FA5605111C79B0C74416 /* Pods_ozweatherTests.framework */,
				B3BBA3A70E24E5D90FFC8A66 /* Pods_ozweatherUITests.framework */,
			);
			name = Frameworks;
			sourceTree = "<group>";
		};
		96606D492568B91C006B6CF5 /* tableviewCell */ = {
			isa = PBXGroup;
			children = (
				96606D672568C093006B6CF5 /* useGps */,
				96606D662568C082006B6CF5 /* recent */,
			);
			path = tableviewCell;
			sourceTree = "<group>";
		};
		96606D662568C082006B6CF5 /* recent */ = {
			isa = PBXGroup;
			children = (
				96606D612568BF2E006B6CF5 /* WeatherLocationCellVM.swift */,
				96606D4E2568B947006B6CF5 /* WeatherLocationCell.swift */,
				96606D4A2568B93C006B6CF5 /* WeatherLocationCell.xib */,
			);
			path = recent;
			sourceTree = "<group>";
		};
		96606D672568C093006B6CF5 /* useGps */ = {
			isa = PBXGroup;
			children = (
				96606D782568C4BD006B6CF5 /* UseGPSLocationCellVM.swift */,
				96606D742568C4AC006B6CF5 /* UseGPSLocationCell.swift */,
				96606D702568C487006B6CF5 /* UseGPSLocationCell.xib */,
			);
			path = useGps;
			sourceTree = "<group>";
		};
		96606D842568CBCE006B6CF5 /* util */ = {
			isa = PBXGroup;
			children = (
				9664EAF1256A3FDC00A2C3DB /* WeatherSearchCacheUtil.swift */,
				96606D852568CBE3006B6CF5 /* WeatherSearchCacheMockUtil.swift */,
			);
			path = util;
			sourceTree = "<group>";
		};
		9664EAEA256A1EE200A2C3DB /* util */ = {
			isa = PBXGroup;
			children = (
				9664EAEB256A1EF800A2C3DB /* WeatherSearchRequestUtilTests.swift */,
			);
			path = util;
			sourceTree = "<group>";
		};
		9664EB05256A7B1F00A2C3DB /* Notification */ = {
			isa = PBXGroup;
			children = (
				9664EB06256A7B3000A2C3DB /* NotificationUtil.swift */,
			);
			path = Notification;
			sourceTree = "<group>";
		};
		9664EB12256A7D5500A2C3DB /* implementation */ = {
			isa = PBXGroup;
			children = (
				96E64ACC2567DBAA006BBEE8 /* WLocationService.swift */,
				9664EB0E256A7D5000A2C3DB /* WLocationServiceMock.swift */,
			);
			path = implementation;
			sourceTree = "<group>";
		};
		9664EB19256A808300A2C3DB /* enum */ = {
			isa = PBXGroup;
			children = (
				9664EB00256A7A6000A2C3DB /* NotificationConstants.swift */,
			);
			path = enum;
			sourceTree = "<group>";
		};
		9664EB23256A847200A2C3DB /* extension */ = {
			isa = PBXGroup;
			children = (
				9664EB24256A848700A2C3DB /* CLLocation+Stringify.swift */,
			);
			path = extension;
			sourceTree = "<group>";
		};
		967E51CD2565BEE800A28480 = {
			isa = PBXGroup;
			children = (
				967E51D82565BEE800A28480 /* ozweather */,
				967E51EF2565BEE900A28480 /* ozweatherTests */,
				967E51D72565BEE800A28480 /* Products */,
				2B495F8495B0980E35C7D516 /* Pods */,
				6CFE2E143F08811DB93EC4B1 /* Frameworks */,
			);
			sourceTree = "<group>";
		};
		967E51D72565BEE800A28480 /* Products */ = {
			isa = PBXGroup;
			children = (
				967E51D62565BEE800A28480 /* ozweather.app */,
				967E51EC2565BEE900A28480 /* ozweatherTests.xctest */,
			);
			name = Products;
			sourceTree = "<group>";
		};
		967E51D82565BEE800A28480 /* ozweather */ = {
			isa = PBXGroup;
			children = (
				9692E60125664475002C2D65 /* common */,
				967E52102565C19D00A28480 /* features */,
				967E520F2565C19600A28480 /* service */,
				967E51D92565BEE800A28480 /* AppDelegate.swift */,
				967E51DB2565BEE800A28480 /* SceneDelegate.swift */,
				967E51DF2565BEE800A28480 /* Main.storyboard */,
				967E51E22565BEE900A28480 /* Assets.xcassets */,
				967E51E42565BEE900A28480 /* LaunchScreen.storyboard */,
				967E51E72565BEE900A28480 /* Info.plist */,
			);
			path = ozweather;
			sourceTree = "<group>";
		};
		967E51EF2565BEE900A28480 /* ozweatherTests */ = {
			isa = PBXGroup;
			children = (
				9692E66125669FDB002C2D65 /* common */,
				967E52372565CBFB00A28480 /* service */,
				967E51F22565BEE900A28480 /* Info.plist */,
				9692E5F325663D6B002C2D65 /* XCTestConfig.swift */,
			);
			path = ozweatherTests;
			sourceTree = "<group>";
		};
		967E520F2565C19600A28480 /* service */ = {
			isa = PBXGroup;
			children = (
				9664EB23256A847200A2C3DB /* extension */,
				9664EB19256A808300A2C3DB /* enum */,
				96E64ACB2567DB85006BBEE8 /* WLocationService */,
				96E64A79256755B3006BBEE8 /* WeatherSearchCacheService */,
				967E52302565C77B00A28480 /* WeatherService */,
			);
			path = service;
			sourceTree = "<group>";
		};
		967E52102565C19D00A28480 /* features */ = {
			isa = PBXGroup;
			children = (
				967E52122565C1C400A28480 /* weatherDetails */,
				967E52112565C1B600A28480 /* weatherSearch */,
			);
			path = features;
			sourceTree = "<group>";
		};
		967E52112565C1B600A28480 /* weatherSearch */ = {
			isa = PBXGroup;
			children = (
				96606D492568B91C006B6CF5 /* tableviewCell */,
				96E64A65256752D2006BBEE8 /* viewModel */,
				967E51DD2565BEE800A28480 /* WeatherSearchVC.swift */,
			);
			path = weatherSearch;
			sourceTree = "<group>";
		};
		967E52122565C1C400A28480 /* weatherDetails */ = {
			isa = PBXGroup;
			children = (
				96E64A7325675513006BBEE8 /* viewModel */,
				966002A92565DA11000877CE /* WeatherDetailsVC.swift */,
			);
			path = weatherDetails;
			sourceTree = "<group>";
		};
		967E522F2565C76600A28480 /* implementation */ = {
			isa = PBXGroup;
			children = (
				967E52222565C3A600A28480 /* OpenWeatherAPI.swift */,
				967E524E2565D0D400A28480 /* OpenWeatherAPIMock.swift */,
			);
			path = implementation;
			sourceTree = "<group>";
		};
		967E52302565C77B00A28480 /* WeatherService */ = {
			isa = PBXGroup;
			children = (
				9692E5FB25664106002C2D65 /* error */,
				967E52582565D26800A28480 /* util */,
				967E52312565C7EA00A28480 /* model */,
				967E522F2565C76600A28480 /* implementation */,
				967E522A2565C75300A28480 /* WeatherServiceProtocol.swift */,
				9692E61425664779002C2D65 /* WeatherSearchRequest.swift */,
			);
			path = WeatherService;
			sourceTree = "<group>";
		};
		967E52312565C7EA00A28480 /* model */ = {
			isa = PBXGroup;
			children = (
				967E52322565C86300A28480 /* WeatherForecast.swift */,
			);
			path = model;
			sourceTree = "<group>";
		};
		967E52372565CBFB00A28480 /* service */ = {
			isa = PBXGroup;
			children = (
				96E64AAD25679FF7006BBEE8 /* WeatherSearchCacheService */,
				967E52382565CC0300A28480 /* WeatherService */,
			);
			path = service;
			sourceTree = "<group>";
		};
		967E52382565CC0300A28480 /* WeatherService */ = {
			isa = PBXGroup;
			children = (
				9664EAEA256A1EE200A2C3DB /* util */,
				967E52392565CC1300A28480 /* implementation */,
			);
			path = WeatherService;
			sourceTree = "<group>";
		};
		967E52392565CC1300A28480 /* implementation */ = {
			isa = PBXGroup;
			children = (
				967E52432565CEEB00A28480 /* OpenWeatherAPIIntegrationTests.swift */,
				9692E6782566ABB8002C2D65 /* OpenWeatherMockTests.swift */,
			);
			path = implementation;
			sourceTree = "<group>";
		};
		967E52582565D26800A28480 /* util */ = {
			isa = PBXGroup;
			children = (
				967E52592565D27F00A28480 /* OpenWeatherMockUtil.swift */,
				96606DA425693ADE006B6CF5 /* WeatherSearchRequestUtil.swift */,
			);
			path = util;
			sourceTree = "<group>";
		};
		9692E5FB25664106002C2D65 /* error */ = {
			isa = PBXGroup;
			children = (
				9692E5FC25664117002C2D65 /* WeatherServiceError.swift */,
			);
			path = error;
			sourceTree = "<group>";
		};
		9692E60125664475002C2D65 /* common */ = {
			isa = PBXGroup;
			children = (
				96E64AB92567D03C006BBEE8 /* util */,
				96E64A7A256755DB006BBEE8 /* tableviewcell */,
				96E64A6C256754C0006BBEE8 /* enum */,
				96E64A6025675201006BBEE8 /* config */,
				9692E65B25664A46002C2D65 /* extension */,
			);
			path = common;
			sourceTree = "<group>";
		};
		9692E60A25664493002C2D65 /* theme */ = {
			isa = PBXGroup;
			children = (
				9692E60C256644AF002C2D65 /* GumtreeTheme.swift */,
			);
			path = theme;
			sourceTree = "<group>";
		};
		9692E65B25664A46002C2D65 /* extension */ = {
			isa = PBXGroup;
			children = (
				96E64AB52567A79B006BBEE8 /* UserDefaults+SaveCustomObject.swift */,
				9692E65C25664A62002C2D65 /* UIColor+HexToColor.swift */,
				96E64A522567342F006BBEE8 /* Data+PrintAsDictDescription.swift */,
				96606D9A2569202E006B6CF5 /* UIViewController+TapToDismissKeyboard.swift */,
				9664EAD82569D89600A2C3DB /* UIViewController+Nav.swift */,
				9664EAE6256A185800A2C3DB /* UIViewController+AlertError.swift */,
			);
			path = extension;
			sourceTree = "<group>";
		};
		9692E66125669FDB002C2D65 /* common */ = {
			isa = PBXGroup;
			children = (
				9692E66A25669FF9002C2D65 /* extension */,
			);
			path = common;
			sourceTree = "<group>";
		};
		9692E66A25669FF9002C2D65 /* extension */ = {
			isa = PBXGroup;
			children = (
				9692E66225669FF6002C2D65 /* UIColorHexToColorTests.swift */,
			);
			path = extension;
			sourceTree = "<group>";
		};
		96E64A6025675201006BBEE8 /* config */ = {
			isa = PBXGroup;
			children = (
				9692E60A25664493002C2D65 /* theme */,
				96E64A6125675212006BBEE8 /* AppData.swift */,
			);
			path = config;
			sourceTree = "<group>";
		};
		96E64A65256752D2006BBEE8 /* viewModel */ = {
			isa = PBXGroup;
			children = (
				96E64A66256752E9006BBEE8 /* WeatherSearchVM.swift */,
			);
			path = viewModel;
			sourceTree = "<group>";
		};
		96E64A6C256754C0006BBEE8 /* enum */ = {
			isa = PBXGroup;
			children = (
				96E64A6D256754D1006BBEE8 /* Constants.swift */,
			);
			path = enum;
			sourceTree = "<group>";
		};
		96E64A7325675513006BBEE8 /* viewModel */ = {
			isa = PBXGroup;
			children = (
				96E64A7425675526006BBEE8 /* WeatherDetailsVM.swift */,
			);
			path = viewModel;
			sourceTree = "<group>";
		};
		96E64A79256755B3006BBEE8 /* WeatherSearchCacheService */ = {
			isa = PBXGroup;
			children = (
				96606D842568CBCE006B6CF5 /* util */,
				96E64A86256756A1006BBEE8 /* implementation */,
				96E64AA725679E23006BBEE8 /* WeatherSearchCacheItem.swift */,
				96E64A87256756B5006BBEE8 /* WeatherSearchCacheManagerProtocol.swift */,
			);
			path = WeatherSearchCacheService;
			sourceTree = "<group>";
		};
		96E64A7A256755DB006BBEE8 /* tableviewcell */ = {
			isa = PBXGroup;
			children = (
				96606D682568C0EB006B6CF5 /* TableViewCellVMProtocol.swift */,
				96606D9E25692325006B6CF5 /* TableViewCellProtocol.swift */,
			);
			path = tableviewcell;
			sourceTree = "<group>";
		};
		96E64A86256756A1006BBEE8 /* implementation */ = {
			isa = PBXGroup;
			children = (
				96E64A8025675678006BBEE8 /* WeatherSearchCache.swift */,
				96606D802568CB58006B6CF5 /* WeatherSearchCacheMock.swift */,
			);
			path = implementation;
			sourceTree = "<group>";
		};
		96E64AAD25679FF7006BBEE8 /* WeatherSearchCacheService */ = {
			isa = PBXGroup;
			children = (
				96E64AAE2567A00A006BBEE8 /* implementation */,
				96606D932568F832006B6CF5 /* WeatherSearchCacheItemTests.swift */,
			);
			path = WeatherSearchCacheService;
			sourceTree = "<group>";
		};
		96E64AAE2567A00A006BBEE8 /* implementation */ = {
			isa = PBXGroup;
			children = (
				96E64AAF2567A027006BBEE8 /* WeatherSearchCacheTests.swift */,
				96606D8F2568F81A006B6CF5 /* WeatherServiceCacheMockTests.swift */,
			);
			path = implementation;
			sourceTree = "<group>";
		};
		96E64AB92567D03C006BBEE8 /* util */ = {
			isa = PBXGroup;
			children = (
				96E64AC02567D07B006BBEE8 /* Logger */,
			);
			path = util;
			sourceTree = "<group>";
		};
		96E64AC02567D07B006BBEE8 /* Logger */ = {
			isa = PBXGroup;
			children = (
				96E64AC12567D080006BBEE8 /* Implementation */,
				96E64ABA2567D053006BBEE8 /* LoggerProtocol.swift */,
			);
			path = Logger;
			sourceTree = "<group>";
		};
		96E64AC12567D080006BBEE8 /* Implementation */ = {
			isa = PBXGroup;
			children = (
				96E64AC42567D0BD006BBEE8 /* BasicLogger.swift */,
			);
			path = Implementation;
			sourceTree = "<group>";
		};
		96E64ACB2567DB85006BBEE8 /* WLocationService */ = {
			isa = PBXGroup;
			children = (
				9664EB05256A7B1F00A2C3DB /* Notification */,
				9664EB12256A7D5500A2C3DB /* implementation */,
				9664EB0A256A7D3F00A2C3DB /* WLocationServiceProtocol.swift */,
			);
			path = WLocationService;
			sourceTree = "<group>";
		};
/* End PBXGroup section */

/* Begin PBXNativeTarget section */
		967E51D52565BEE800A28480 /* ozweather */ = {
			isa = PBXNativeTarget;
			buildConfigurationList = 967E52002565BEE900A28480 /* Build configuration list for PBXNativeTarget "ozweather" */;
			buildPhases = (
				0CAE94D3321BBF18CBD6D26E /* [CP] Check Pods Manifest.lock */,
				967E51D22565BEE800A28480 /* Sources */,
				967E51D32565BEE800A28480 /* Frameworks */,
				967E51D42565BEE800A28480 /* Resources */,
			);
			buildRules = (
			);
			dependencies = (
			);
			name = ozweather;
			productName = ozweather;
			productReference = 967E51D62565BEE800A28480 /* ozweather.app */;
			productType = "com.apple.product-type.application";
		};
		967E51EB2565BEE900A28480 /* ozweatherTests */ = {
			isa = PBXNativeTarget;
			buildConfigurationList = 967E52032565BEE900A28480 /* Build configuration list for PBXNativeTarget "ozweatherTests" */;
			buildPhases = (
				64962BC4CE5E3DC1A795A842 /* [CP] Check Pods Manifest.lock */,
				967E51E82565BEE900A28480 /* Sources */,
				967E51E92565BEE900A28480 /* Frameworks */,
				967E51EA2565BEE900A28480 /* Resources */,
			);
			buildRules = (
			);
			dependencies = (
				967E51EE2565BEE900A28480 /* PBXTargetDependency */,
			);
			name = ozweatherTests;
			productName = ozweatherTests;
			productReference = 967E51EC2565BEE900A28480 /* ozweatherTests.xctest */;
			productType = "com.apple.product-type.bundle.unit-test";
		};
/* End PBXNativeTarget section */

/* Begin PBXProject section */
		967E51CE2565BEE800A28480 /* Project object */ = {
			isa = PBXProject;
			attributes = {
				LastSwiftUpdateCheck = 1210;
				LastUpgradeCheck = 1210;
				TargetAttributes = {
					967E51D52565BEE800A28480 = {
						CreatedOnToolsVersion = 12.1;
					};
					967E51EB2565BEE900A28480 = {
						CreatedOnToolsVersion = 12.1;
						TestTargetID = 967E51D52565BEE800A28480;
					};
				};
			};
			buildConfigurationList = 967E51D12565BEE800A28480 /* Build configuration list for PBXProject "ozweather" */;
			compatibilityVersion = "Xcode 9.3";
			developmentRegion = en;
			hasScannedForEncodings = 0;
			knownRegions = (
				en,
				Base,
			);
			mainGroup = 967E51CD2565BEE800A28480;
			productRefGroup = 967E51D72565BEE800A28480 /* Products */;
			projectDirPath = "";
			projectRoot = "";
			targets = (
				967E51D52565BEE800A28480 /* ozweather */,
				967E51EB2565BEE900A28480 /* ozweatherTests */,
			);
		};
/* End PBXProject section */

/* Begin PBXResourcesBuildPhase section */
		967E51D42565BEE800A28480 /* Resources */ = {
			isa = PBXResourcesBuildPhase;
			buildActionMask = 2147483647;
			files = (
				967E51E62565BEE900A28480 /* LaunchScreen.storyboard in Resources */,
				96606D4B2568B93C006B6CF5 /* WeatherLocationCell.xib in Resources */,
				967E51E32565BEE900A28480 /* Assets.xcassets in Resources */,
				967E51E12565BEE800A28480 /* Main.storyboard in Resources */,
				96606D712568C487006B6CF5 /* UseGPSLocationCell.xib in Resources */,
			);
			runOnlyForDeploymentPostprocessing = 0;
		};
		967E51EA2565BEE900A28480 /* Resources */ = {
			isa = PBXResourcesBuildPhase;
			buildActionMask = 2147483647;
			files = (
			);
			runOnlyForDeploymentPostprocessing = 0;
		};
/* End PBXResourcesBuildPhase section */

/* Begin PBXShellScriptBuildPhase section */
		0CAE94D3321BBF18CBD6D26E /* [CP] Check Pods Manifest.lock */ = {
			isa = PBXShellScriptBuildPhase;
			buildActionMask = 2147483647;
			files = (
			);
			inputFileListPaths = (
			);
			inputPaths = (
				"${PODS_PODFILE_DIR_PATH}/Podfile.lock",
				"${PODS_ROOT}/Manifest.lock",
			);
			name = "[CP] Check Pods Manifest.lock";
			outputFileListPaths = (
			);
			outputPaths = (
				"$(DERIVED_FILE_DIR)/Pods-ozweather-checkManifestLockResult.txt",
			);
			runOnlyForDeploymentPostprocessing = 0;
			shellPath = /bin/sh;
			shellScript = "diff \"${PODS_PODFILE_DIR_PATH}/Podfile.lock\" \"${PODS_ROOT}/Manifest.lock\" > /dev/null\nif [ $? != 0 ] ; then\n    # print error to STDERR\n    echo \"error: The sandbox is not in sync with the Podfile.lock. Run 'pod install' or update your CocoaPods installation.\" >&2\n    exit 1\nfi\n# This output is used by Xcode 'outputs' to avoid re-running this script phase.\necho \"SUCCESS\" > \"${SCRIPT_OUTPUT_FILE_0}\"\n";
			showEnvVarsInLog = 0;
		};
		64962BC4CE5E3DC1A795A842 /* [CP] Check Pods Manifest.lock */ = {
			isa = PBXShellScriptBuildPhase;
			buildActionMask = 2147483647;
			files = (
			);
			inputFileListPaths = (
			);
			inputPaths = (
				"${PODS_PODFILE_DIR_PATH}/Podfile.lock",
				"${PODS_ROOT}/Manifest.lock",
			);
			name = "[CP] Check Pods Manifest.lock";
			outputFileListPaths = (
			);
			outputPaths = (
				"$(DERIVED_FILE_DIR)/Pods-ozweatherTests-checkManifestLockResult.txt",
			);
			runOnlyForDeploymentPostprocessing = 0;
			shellPath = /bin/sh;
			shellScript = "diff \"${PODS_PODFILE_DIR_PATH}/Podfile.lock\" \"${PODS_ROOT}/Manifest.lock\" > /dev/null\nif [ $? != 0 ] ; then\n    # print error to STDERR\n    echo \"error: The sandbox is not in sync with the Podfile.lock. Run 'pod install' or update your CocoaPods installation.\" >&2\n    exit 1\nfi\n# This output is used by Xcode 'outputs' to avoid re-running this script phase.\necho \"SUCCESS\" > \"${SCRIPT_OUTPUT_FILE_0}\"\n";
			showEnvVarsInLog = 0;
		};
/* End PBXShellScriptBuildPhase section */

/* Begin PBXSourcesBuildPhase section */
		967E51D22565BEE800A28480 /* Sources */ = {
			isa = PBXSourcesBuildPhase;
			buildActionMask = 2147483647;
			files = (
				96E64AA825679E23006BBEE8 /* WeatherSearchCacheItem.swift in Sources */,
				96E64A88256756B5006BBEE8 /* WeatherSearchCacheManagerProtocol.swift in Sources */,
				96606D622568BF2E006B6CF5 /* WeatherLocationCellVM.swift in Sources */,
				9692E65D25664A62002C2D65 /* UIColor+HexToColor.swift in Sources */,
				96E64A532567342F006BBEE8 /* Data+PrintAsDictDescription.swift in Sources */,
				96606D9B2569202E006B6CF5 /* UIViewController+TapToDismissKeyboard.swift in Sources */,
				9664EB0B256A7D3F00A2C3DB /* WLocationServiceProtocol.swift in Sources */,
				967E51DE2565BEE800A28480 /* WeatherSearchVC.swift in Sources */,
				9664EAE7256A185800A2C3DB /* UIViewController+AlertError.swift in Sources */,
				96606D812568CB58006B6CF5 /* WeatherSearchCacheMock.swift in Sources */,
				96606D692568C0EB006B6CF5 /* TableViewCellVMProtocol.swift in Sources */,
				96E64A6225675212006BBEE8 /* AppData.swift in Sources */,
				96606DA525693ADE006B6CF5 /* WeatherSearchRequestUtil.swift in Sources */,
				96E64A8125675678006BBEE8 /* WeatherSearchCache.swift in Sources */,
				9692E60D256644AF002C2D65 /* GumtreeTheme.swift in Sources */,
				96606D9F25692325006B6CF5 /* TableViewCellProtocol.swift in Sources */,
				967E524F2565D0D400A28480 /* OpenWeatherAPIMock.swift in Sources */,
				967E51DA2565BEE800A28480 /* AppDelegate.swift in Sources */,
				9664EAF2256A3FDC00A2C3DB /* WeatherSearchCacheUtil.swift in Sources */,
				9664EB01256A7A6000A2C3DB /* NotificationConstants.swift in Sources */,
				966002AA2565DA11000877CE /* WeatherDetailsVC.swift in Sources */,
				967E52232565C3A600A28480 /* OpenWeatherAPI.swift in Sources */,
				96E64AB62567A79B006BBEE8 /* UserDefaults+SaveCustomObject.swift in Sources */,
				9692E61525664779002C2D65 /* WeatherSearchRequest.swift in Sources */,
				967E522B2565C75300A28480 /* WeatherServiceProtocol.swift in Sources */,
				96E64A6E256754D1006BBEE8 /* Constants.swift in Sources */,
				96606D4F2568B947006B6CF5 /* WeatherLocationCell.swift in Sources */,
				967E525A2565D27F00A28480 /* OpenWeatherMockUtil.swift in Sources */,
				9664EB0F256A7D5000A2C3DB /* WLocationServiceMock.swift in Sources */,
				9664EB25256A848700A2C3DB /* CLLocation+Stringify.swift in Sources */,
				9692E5FD25664117002C2D65 /* WeatherServiceError.swift in Sources */,
				9664EAD92569D89600A2C3DB /* UIViewController+Nav.swift in Sources */,
				96606D752568C4AC006B6CF5 /* UseGPSLocationCell.swift in Sources */,
				9664EB07256A7B3000A2C3DB /* NotificationUtil.swift in Sources */,
				96E64ABB2567D053006BBEE8 /* LoggerProtocol.swift in Sources */,
				96E64A7525675526006BBEE8 /* WeatherDetailsVM.swift in Sources */,
				96606D792568C4BD006B6CF5 /* UseGPSLocationCellVM.swift in Sources */,
				96606D862568CBE3006B6CF5 /* WeatherSearchCacheMockUtil.swift in Sources */,
				96E64AC52567D0BD006BBEE8 /* BasicLogger.swift in Sources */,
				96E64A67256752E9006BBEE8 /* WeatherSearchVM.swift in Sources */,
				967E51DC2565BEE800A28480 /* SceneDelegate.swift in Sources */,
				967E52332565C86300A28480 /* WeatherForecast.swift in Sources */,
				96E64ACD2567DBAA006BBEE8 /* WLocationService.swift in Sources */,
			);
			runOnlyForDeploymentPostprocessing = 0;
		};
		967E51E82565BEE900A28480 /* Sources */ = {
			isa = PBXSourcesBuildPhase;
			buildActionMask = 2147483647;
			files = (
				9692E6792566ABB8002C2D65 /* OpenWeatherMockTests.swift in Sources */,
				96606D902568F81B006B6CF5 /* WeatherServiceCacheMockTests.swift in Sources */,
				96E64AB02567A027006BBEE8 /* WeatherSearchCacheTests.swift in Sources */,
				96606D942568F832006B6CF5 /* WeatherSearchCacheItemTests.swift in Sources */,
				9692E66325669FF6002C2D65 /* UIColorHexToColorTests.swift in Sources */,
				9692E5F425663D6B002C2D65 /* XCTestConfig.swift in Sources */,
				9664EAEC256A1EF800A2C3DB /* WeatherSearchRequestUtilTests.swift in Sources */,
				967E52442565CEEB00A28480 /* OpenWeatherAPIIntegrationTests.swift in Sources */,
			);
			runOnlyForDeploymentPostprocessing = 0;
		};
/* End PBXSourcesBuildPhase section */

/* Begin PBXTargetDependency section */
		967E51EE2565BEE900A28480 /* PBXTargetDependency */ = {
			isa = PBXTargetDependency;
			target = 967E51D52565BEE800A28480 /* ozweather */;
			targetProxy = 967E51ED2565BEE900A28480 /* PBXContainerItemProxy */;
		};
/* End PBXTargetDependency section */

/* Begin PBXVariantGroup section */
		967E51DF2565BEE800A28480 /* Main.storyboard */ = {
			isa = PBXVariantGroup;
			children = (
				967E51E02565BEE800A28480 /* Base */,
			);
			name = Main.storyboard;
			sourceTree = "<group>";
		};
		967E51E42565BEE900A28480 /* LaunchScreen.storyboard */ = {
			isa = PBXVariantGroup;
			children = (
				967E51E52565BEE900A28480 /* Base */,
			);
			name = LaunchScreen.storyboard;
			sourceTree = "<group>";
		};
/* End PBXVariantGroup section */

/* Begin XCBuildConfiguration section */
		967E51FE2565BEE900A28480 /* Debug */ = {
			isa = XCBuildConfiguration;
			buildSettings = {
				ALWAYS_SEARCH_USER_PATHS = NO;
				CLANG_ANALYZER_NONNULL = YES;
				CLANG_ANALYZER_NUMBER_OBJECT_CONVERSION = YES_AGGRESSIVE;
				CLANG_CXX_LANGUAGE_STANDARD = "gnu++14";
				CLANG_CXX_LIBRARY = "libc++";
				CLANG_ENABLE_MODULES = YES;
				CLANG_ENABLE_OBJC_ARC = YES;
				CLANG_ENABLE_OBJC_WEAK = YES;
				CLANG_WARN_BLOCK_CAPTURE_AUTORELEASING = YES;
				CLANG_WARN_BOOL_CONVERSION = YES;
				CLANG_WARN_COMMA = YES;
				CLANG_WARN_CONSTANT_CONVERSION = YES;
				CLANG_WARN_DEPRECATED_OBJC_IMPLEMENTATIONS = YES;
				CLANG_WARN_DIRECT_OBJC_ISA_USAGE = YES_ERROR;
				CLANG_WARN_DOCUMENTATION_COMMENTS = YES;
				CLANG_WARN_EMPTY_BODY = YES;
				CLANG_WARN_ENUM_CONVERSION = YES;
				CLANG_WARN_INFINITE_RECURSION = YES;
				CLANG_WARN_INT_CONVERSION = YES;
				CLANG_WARN_NON_LITERAL_NULL_CONVERSION = YES;
				CLANG_WARN_OBJC_IMPLICIT_RETAIN_SELF = YES;
				CLANG_WARN_OBJC_LITERAL_CONVERSION = YES;
				CLANG_WARN_OBJC_ROOT_CLASS = YES_ERROR;
				CLANG_WARN_QUOTED_INCLUDE_IN_FRAMEWORK_HEADER = YES;
				CLANG_WARN_RANGE_LOOP_ANALYSIS = YES;
				CLANG_WARN_STRICT_PROTOTYPES = YES;
				CLANG_WARN_SUSPICIOUS_MOVE = YES;
				CLANG_WARN_UNGUARDED_AVAILABILITY = YES_AGGRESSIVE;
				CLANG_WARN_UNREACHABLE_CODE = YES;
				CLANG_WARN__DUPLICATE_METHOD_MATCH = YES;
				COPY_PHASE_STRIP = NO;
				DEBUG_INFORMATION_FORMAT = dwarf;
				ENABLE_STRICT_OBJC_MSGSEND = YES;
				ENABLE_TESTABILITY = YES;
				GCC_C_LANGUAGE_STANDARD = gnu11;
				GCC_DYNAMIC_NO_PIC = NO;
				GCC_NO_COMMON_BLOCKS = YES;
				GCC_OPTIMIZATION_LEVEL = 0;
				GCC_PREPROCESSOR_DEFINITIONS = (
					"DEBUG=1",
					"$(inherited)",
				);
				GCC_WARN_64_TO_32_BIT_CONVERSION = YES;
				GCC_WARN_ABOUT_RETURN_TYPE = YES_ERROR;
				GCC_WARN_UNDECLARED_SELECTOR = YES;
				GCC_WARN_UNINITIALIZED_AUTOS = YES_AGGRESSIVE;
				GCC_WARN_UNUSED_FUNCTION = YES;
				GCC_WARN_UNUSED_VARIABLE = YES;
				IPHONEOS_DEPLOYMENT_TARGET = 12.0;
				MTL_ENABLE_DEBUG_INFO = INCLUDE_SOURCE;
				MTL_FAST_MATH = YES;
				ONLY_ACTIVE_ARCH = YES;
				SDKROOT = iphoneos;
				SWIFT_ACTIVE_COMPILATION_CONDITIONS = DEBUG;
				SWIFT_OPTIMIZATION_LEVEL = "-Onone";
			};
			name = Debug;
		};
		967E51FF2565BEE900A28480 /* Release */ = {
			isa = XCBuildConfiguration;
			buildSettings = {
				ALWAYS_SEARCH_USER_PATHS = NO;
				CLANG_ANALYZER_NONNULL = YES;
				CLANG_ANALYZER_NUMBER_OBJECT_CONVERSION = YES_AGGRESSIVE;
				CLANG_CXX_LANGUAGE_STANDARD = "gnu++14";
				CLANG_CXX_LIBRARY = "libc++";
				CLANG_ENABLE_MODULES = YES;
				CLANG_ENABLE_OBJC_ARC = YES;
				CLANG_ENABLE_OBJC_WEAK = YES;
				CLANG_WARN_BLOCK_CAPTURE_AUTORELEASING = YES;
				CLANG_WARN_BOOL_CONVERSION = YES;
				CLANG_WARN_COMMA = YES;
				CLANG_WARN_CONSTANT_CONVERSION = YES;
				CLANG_WARN_DEPRECATED_OBJC_IMPLEMENTATIONS = YES;
				CLANG_WARN_DIRECT_OBJC_ISA_USAGE = YES_ERROR;
				CLANG_WARN_DOCUMENTATION_COMMENTS = YES;
				CLANG_WARN_EMPTY_BODY = YES;
				CLANG_WARN_ENUM_CONVERSION = YES;
				CLANG_WARN_INFINITE_RECURSION = YES;
				CLANG_WARN_INT_CONVERSION = YES;
				CLANG_WARN_NON_LITERAL_NULL_CONVERSION = YES;
				CLANG_WARN_OBJC_IMPLICIT_RETAIN_SELF = YES;
				CLANG_WARN_OBJC_LITERAL_CONVERSION = YES;
				CLANG_WARN_OBJC_ROOT_CLASS = YES_ERROR;
				CLANG_WARN_QUOTED_INCLUDE_IN_FRAMEWORK_HEADER = YES;
				CLANG_WARN_RANGE_LOOP_ANALYSIS = YES;
				CLANG_WARN_STRICT_PROTOTYPES = YES;
				CLANG_WARN_SUSPICIOUS_MOVE = YES;
				CLANG_WARN_UNGUARDED_AVAILABILITY = YES_AGGRESSIVE;
				CLANG_WARN_UNREACHABLE_CODE = YES;
				CLANG_WARN__DUPLICATE_METHOD_MATCH = YES;
				COPY_PHASE_STRIP = NO;
				DEBUG_INFORMATION_FORMAT = "dwarf-with-dsym";
				ENABLE_NS_ASSERTIONS = NO;
				ENABLE_STRICT_OBJC_MSGSEND = YES;
				GCC_C_LANGUAGE_STANDARD = gnu11;
				GCC_NO_COMMON_BLOCKS = YES;
				GCC_WARN_64_TO_32_BIT_CONVERSION = YES;
				GCC_WARN_ABOUT_RETURN_TYPE = YES_ERROR;
				GCC_WARN_UNDECLARED_SELECTOR = YES;
				GCC_WARN_UNINITIALIZED_AUTOS = YES_AGGRESSIVE;
				GCC_WARN_UNUSED_FUNCTION = YES;
				GCC_WARN_UNUSED_VARIABLE = YES;
				IPHONEOS_DEPLOYMENT_TARGET = 12.0;
				MTL_ENABLE_DEBUG_INFO = NO;
				MTL_FAST_MATH = YES;
				SDKROOT = iphoneos;
				SWIFT_COMPILATION_MODE = wholemodule;
				SWIFT_OPTIMIZATION_LEVEL = "-O";
				VALIDATE_PRODUCT = YES;
			};
			name = Release;
		};
		967E52012565BEE900A28480 /* Debug */ = {
			isa = XCBuildConfiguration;
			baseConfigurationReference = 62B8B8DB4B341C6E93376587 /* Pods-ozweather.debug.xcconfig */;
			buildSettings = {
				ASSETCATALOG_COMPILER_APPICON_NAME = AppIcon;
				ASSETCATALOG_COMPILER_GLOBAL_ACCENT_COLOR_NAME = AccentColor;
				CODE_SIGN_STYLE = Automatic;
				DEVELOPMENT_TEAM = KYEZ379B3G;
				INFOPLIST_FILE = ozweather/Info.plist;
				IPHONEOS_DEPLOYMENT_TARGET = 12.0;
				LD_RUNPATH_SEARCH_PATHS = (
					"$(inherited)",
					"@executable_path/Frameworks",
				);
				PRODUCT_BUNDLE_IDENTIFIER = com.wisetreeapps.ozweather;
				PRODUCT_NAME = "$(TARGET_NAME)";
				SWIFT_VERSION = 5.0;
				TARGETED_DEVICE_FAMILY = 1;
			};
			name = Debug;
		};
		967E52022565BEE900A28480 /* Release */ = {
			isa = XCBuildConfiguration;
			baseConfigurationReference = 2DE8B56CC9B2EF6733E2122D /* Pods-ozweather.release.xcconfig */;
			buildSettings = {
				ASSETCATALOG_COMPILER_APPICON_NAME = AppIcon;
				ASSETCATALOG_COMPILER_GLOBAL_ACCENT_COLOR_NAME = AccentColor;
				CODE_SIGN_STYLE = Automatic;
				DEVELOPMENT_TEAM = KYEZ379B3G;
				INFOPLIST_FILE = ozweather/Info.plist;
				IPHONEOS_DEPLOYMENT_TARGET = 12.0;
				LD_RUNPATH_SEARCH_PATHS = (
					"$(inherited)",
					"@executable_path/Frameworks",
				);
				PRODUCT_BUNDLE_IDENTIFIER = com.wisetreeapps.ozweather;
				PRODUCT_NAME = "$(TARGET_NAME)";
				SWIFT_VERSION = 5.0;
				TARGETED_DEVICE_FAMILY = 1;
			};
			name = Release;
		};
		967E52042565BEE900A28480 /* Debug */ = {
			isa = XCBuildConfiguration;
			baseConfigurationReference = F42C272B2F9A0A67ACF23D57 /* Pods-ozweatherTests.debug.xcconfig */;
			buildSettings = {
				ALWAYS_EMBED_SWIFT_STANDARD_LIBRARIES = YES;
				BUNDLE_LOADER = "$(TEST_HOST)";
				CODE_SIGN_STYLE = Automatic;
				DEVELOPMENT_TEAM = KYEZ379B3G;
				INFOPLIST_FILE = ozweatherTests/Info.plist;
				IPHONEOS_DEPLOYMENT_TARGET = 12.0;
				LD_RUNPATH_SEARCH_PATHS = (
					"$(inherited)",
					"@executable_path/Frameworks",
					"@loader_path/Frameworks",
				);
				PRODUCT_BUNDLE_IDENTIFIER = com.wisetreeapps.ozweatherTests;
				PRODUCT_NAME = "$(TARGET_NAME)";
				SWIFT_VERSION = 5.0;
				TARGETED_DEVICE_FAMILY = "1,2";
				TEST_HOST = "$(BUILT_PRODUCTS_DIR)/ozweather.app/ozweather";
			};
			name = Debug;
		};
		967E52052565BEE900A28480 /* Release */ = {
			isa = XCBuildConfiguration;
			baseConfigurationReference = 0513D789ED93F73B555566E7 /* Pods-ozweatherTests.release.xcconfig */;
			buildSettings = {
				ALWAYS_EMBED_SWIFT_STANDARD_LIBRARIES = YES;
				BUNDLE_LOADER = "$(TEST_HOST)";
				CODE_SIGN_STYLE = Automatic;
				DEVELOPMENT_TEAM = KYEZ379B3G;
				INFOPLIST_FILE = ozweatherTests/Info.plist;
				IPHONEOS_DEPLOYMENT_TARGET = 12.0;
				LD_RUNPATH_SEARCH_PATHS = (
					"$(inherited)",
					"@executable_path/Frameworks",
					"@loader_path/Frameworks",
				);
				PRODUCT_BUNDLE_IDENTIFIER = com.wisetreeapps.ozweatherTests;
				PRODUCT_NAME = "$(TARGET_NAME)";
				SWIFT_VERSION = 5.0;
				TARGETED_DEVICE_FAMILY = "1,2";
				TEST_HOST = "$(BUILT_PRODUCTS_DIR)/ozweather.app/ozweather";
			};
			name = Release;
		};
/* End XCBuildConfiguration section */

/* Begin XCConfigurationList section */
		967E51D12565BEE800A28480 /* Build configuration list for PBXProject "ozweather" */ = {
			isa = XCConfigurationList;
			buildConfigurations = (
				967E51FE2565BEE900A28480 /* Debug */,
				967E51FF2565BEE900A28480 /* Release */,
			);
			defaultConfigurationIsVisible = 0;
			defaultConfigurationName = Release;
		};
		967E52002565BEE900A28480 /* Build configuration list for PBXNativeTarget "ozweather" */ = {
			isa = XCConfigurationList;
			buildConfigurations = (
				967E52012565BEE900A28480 /* Debug */,
				967E52022565BEE900A28480 /* Release */,
			);
			defaultConfigurationIsVisible = 0;
			defaultConfigurationName = Release;
		};
		967E52032565BEE900A28480 /* Build configuration list for PBXNativeTarget "ozweatherTests" */ = {
			isa = XCConfigurationList;
			buildConfigurations = (
				967E52042565BEE900A28480 /* Debug */,
				967E52052565BEE900A28480 /* Release */,
			);
			defaultConfigurationIsVisible = 0;
			defaultConfigurationName = Release;
		};
/* End XCConfigurationList section */
	};
	rootObject = 967E51CE2565BEE800A28480 /* Project object */;
}
